
Microsoft Visual Studio Solution File, Format Version 12.00
# Visual Studio Version 16
VisualStudioVersion = 16.0.30804.86
MinimumVisualStudioVersion = 10.0.40219.1
Project("{FAE04EC0-301F-11D3-BF4B-00C04F79EFBC}") = "Test.Service", "Test.Service.csproj", "{B71EA56D-00A9-4848-B36A-CF4E8EF922F0}"
EndProject
Global
	GlobalSection(SolutionConfigurationPlatforms) = preSolution
		Debug|Any CPU = Debug|Any CPU
		Release|Any CPU = Release|Any CPU
	EndGlobalSection
	GlobalSection(ProjectConfigurationPlatforms) = postSolution
		{B71EA56D-00A9-4848-B36A-CF4E8EF922F0}.Debug|Any CPU.ActiveCfg = Debug|Any CPU
		{B71EA56D-00A9-4848-B36A-CF4E8EF922F0}.Debug|Any CPU.Build.0 = Debug|Any CPU
		{B71EA56D-00A9-4848-B36A-CF4E8EF922F0}.Release|Any CPU.ActiveCfg = Release|Any CPU
		{B71EA56D-00A9-4848-B36A-CF4E8EF922F0}.Release|Any CPU.Build.0 = Release|Any CPU
	EndGlobalSection
	GlobalSection(SolutionProperties) = preSolution
		HideSolutionNode = FALSE
	EndGlobalSection
	GlobalSection(ExtensibilityGlobals) = postSolution
		SolutionGuid = {4DE44231-EBFF-4414-9CB6-F0ACD3D16B72}
	EndGlobalSection
EndGlobal
